// !$*UTF8*$!
{
	archiveVersion = 1;
	classes = {
	};
	objectVersion = 50;
	objects = {

/* Begin PBXBuildFile section */
		3B59E7142268042C00B3B4FA /* AppDelegate.swift in Sources */ = {isa = PBXBuildFile; fileRef = 3B59E7132268042C00B3B4FA /* AppDelegate.swift */; };
		3B59E71B2268043200B3B4FA /* Assets.xcassets in Resources */ = {isa = PBXBuildFile; fileRef = 3B59E71A2268043200B3B4FA /* Assets.xcassets */; };
		3B59E73022680D5B00B3B4FA /* MainViewController.swift in Sources */ = {isa = PBXBuildFile; fileRef = 3B59E72F22680D5B00B3B4FA /* MainViewController.swift */; };
		3B59E73222680D8400B3B4FA /* HomeTableViewController.swift in Sources */ = {isa = PBXBuildFile; fileRef = 3B59E73122680D8400B3B4FA /* HomeTableViewController.swift */; };
		3B59E73422680D9B00B3B4FA /* DiscoverTableViewController.swift in Sources */ = {isa = PBXBuildFile; fileRef = 3B59E73322680D9B00B3B4FA /* DiscoverTableViewController.swift */; };
		3B59E73622680DB700B3B4FA /* MessageTableViewController.swift in Sources */ = {isa = PBXBuildFile; fileRef = 3B59E73522680DB700B3B4FA /* MessageTableViewController.swift */; };
		3B59E73822680DC700B3B4FA /* ProfileTableViewController.swift in Sources */ = {isa = PBXBuildFile; fileRef = 3B59E73722680DC700B3B4FA /* ProfileTableViewController.swift */; };
		3B59E73B226815A100B3B4FA /* UIButton+Extension.swift in Sources */ = {isa = PBXBuildFile; fileRef = 3B59E73A226815A100B3B4FA /* UIButton+Extension.swift */; };
		3B59E73E2269556500B3B4FA /* VisitorTableViewController.swift in Sources */ = {isa = PBXBuildFile; fileRef = 3B59E73D2269556500B3B4FA /* VisitorTableViewController.swift */; };
		3B59E740226957ED00B3B4FA /* VisitorView.swift in Sources */ = {isa = PBXBuildFile; fileRef = 3B59E73F226957ED00B3B4FA /* VisitorView.swift */; };
		3B59E74222695ACF00B3B4FA /* Podfile in Resources */ = {isa = PBXBuildFile; fileRef = 3B59E74122695ACF00B3B4FA /* Podfile */; };
		3B59E74E2269D0EF00B3B4FA /* Pods_HM微博.framework in Frameworks */ = {isa = PBXBuildFile; fileRef = 3B59E74D2269D0EF00B3B4FA /* Pods_HM微博.framework */; };
		3B59E7502269D25100B3B4FA /* NetworkTools.swift in Sources */ = {isa = PBXBuildFile; fileRef = 3B59E74F2269D25100B3B4FA /* NetworkTools.swift */; };
		3B696A53226ADC240002AEFF /* OAuthViewController.swift in Sources */ = {isa = PBXBuildFile; fileRef = 3B696A52226ADC240002AEFF /* OAuthViewController.swift */; };
/* End PBXBuildFile section */

/* Begin PBXFileReference section */
		3B59E7102268042C00B3B4FA /* HM微博.app */ = {isa = PBXFileReference; explicitFileType = wrapper.application; includeInIndex = 0; path = "HM微博.app"; sourceTree = BUILT_PRODUCTS_DIR; };
		3B59E7132268042C00B3B4FA /* AppDelegate.swift */ = {isa = PBXFileReference; lastKnownFileType = sourcecode.swift; path = AppDelegate.swift; sourceTree = "<group>"; };
		3B59E71A2268043200B3B4FA /* Assets.xcassets */ = {isa = PBXFileReference; lastKnownFileType = folder.assetcatalog; path = Assets.xcassets; sourceTree = "<group>"; };
		3B59E71F2268043200B3B4FA /* Info.plist */ = {isa = PBXFileReference; lastKnownFileType = text.plist.xml; path = Info.plist; sourceTree = "<group>"; };
		3B59E72F22680D5B00B3B4FA /* MainViewController.swift */ = {isa = PBXFileReference; lastKnownFileType = sourcecode.swift; path = MainViewController.swift; sourceTree = "<group>"; };
		3B59E73122680D8400B3B4FA /* HomeTableViewController.swift */ = {isa = PBXFileReference; lastKnownFileType = sourcecode.swift; path = HomeTableViewController.swift; sourceTree = "<group>"; };
		3B59E73322680D9B00B3B4FA /* DiscoverTableViewController.swift */ = {isa = PBXFileReference; lastKnownFileType = sourcecode.swift; path = DiscoverTableViewController.swift; sourceTree = "<group>"; };
		3B59E73522680DB700B3B4FA /* MessageTableViewController.swift */ = {isa = PBXFileReference; lastKnownFileType = sourcecode.swift; path = MessageTableViewController.swift; sourceTree = "<group>"; };
		3B59E73722680DC700B3B4FA /* ProfileTableViewController.swift */ = {isa = PBXFileReference; lastKnownFileType = sourcecode.swift; path = ProfileTableViewController.swift; sourceTree = "<group>"; };
		3B59E73A226815A100B3B4FA /* UIButton+Extension.swift */ = {isa = PBXFileReference; lastKnownFileType = sourcecode.swift; path = "UIButton+Extension.swift"; sourceTree = "<group>"; };
		3B59E73D2269556500B3B4FA /* VisitorTableViewController.swift */ = {isa = PBXFileReference; lastKnownFileType = sourcecode.swift; path = VisitorTableViewController.swift; sourceTree = "<group>"; };
		3B59E73F226957ED00B3B4FA /* VisitorView.swift */ = {isa = PBXFileReference; lastKnownFileType = sourcecode.swift; path = VisitorView.swift; sourceTree = "<group>"; };
		3B59E74122695ACF00B3B4FA /* Podfile */ = {isa = PBXFileReference; lastKnownFileType = text; path = Podfile; sourceTree = "<group>"; xcLanguageSpecificationIdentifier = xcode.lang.ruby; };
		3B59E74322695C4600B3B4FA /* Pods_HM微博.framework */ = {isa = PBXFileReference; explicitFileType = wrapper.framework; path = "Pods_HM微博.framework"; sourceTree = BUILT_PRODUCTS_DIR; };
		3B59E7452269943300B3B4FA /* SnapKit.framework */ = {isa = PBXFileReference; explicitFileType = wrapper.framework; path = SnapKit.framework; sourceTree = BUILT_PRODUCTS_DIR; };
		3B59E7492269CAB200B3B4FA /* Pods_HM微博.framework */ = {isa = PBXFileReference; explicitFileType = wrapper.framework; path = "Pods_HM微博.framework"; sourceTree = BUILT_PRODUCTS_DIR; };
		3B59E74B2269CAFC00B3B4FA /* AFNetworking.framework */ = {isa = PBXFileReference; explicitFileType = wrapper.framework; path = AFNetworking.framework; sourceTree = BUILT_PRODUCTS_DIR; };
		3B59E74D2269D0EF00B3B4FA /* Pods_HM微博.framework */ = {isa = PBXFileReference; explicitFileType = wrapper.framework; path = "Pods_HM微博.framework"; sourceTree = BUILT_PRODUCTS_DIR; };
		3B59E74F2269D25100B3B4FA /* NetworkTools.swift */ = {isa = PBXFileReference; lastKnownFileType = sourcecode.swift; path = NetworkTools.swift; sourceTree = "<group>"; };
		3B696A52226ADC240002AEFF /* OAuthViewController.swift */ = {isa = PBXFileReference; lastKnownFileType = sourcecode.swift; path = OAuthViewController.swift; sourceTree = "<group>"; };
		524B516D3D8B8012297499BF /* Pods-HM微博.debug.xcconfig */ = {isa = PBXFileReference; includeInIndex = 1; lastKnownFileType = text.xcconfig; name = "Pods-HM微博.debug.xcconfig"; path = "Target Support Files/Pods-HM微博/Pods-HM微博.debug.xcconfig"; sourceTree = "<group>"; };
		62B69482DBAB0BD45CFCEFAE /* Pods-HM微博.release.xcconfig */ = {isa = PBXFileReference; includeInIndex = 1; lastKnownFileType = text.xcconfig; name = "Pods-HM微博.release.xcconfig"; path = "Target Support Files/Pods-HM微博/Pods-HM微博.release.xcconfig"; sourceTree = "<group>"; };
		68D0437CB438AB132CB4F650 /* Pods_HM__.framework */ = {isa = PBXFileReference; explicitFileType = wrapper.framework; includeInIndex = 0; path = Pods_HM__.framework; sourceTree = BUILT_PRODUCTS_DIR; };
/* End PBXFileReference section */

/* Begin PBXFrameworksBuildPhase section */
		3B59E70D2268042C00B3B4FA /* Frameworks */ = {
			isa = PBXFrameworksBuildPhase;
			buildActionMask = 2147483647;
			files = (
				3B59E74E2269D0EF00B3B4FA /* Pods_HM微博.framework in Frameworks */,
			);
			runOnlyForDeploymentPostprocessing = 0;
		};
/* End PBXFrameworksBuildPhase section */

/* Begin PBXGroup section */
		3B59E7072268042C00B3B4FA = {
			isa = PBXGroup;
			children = (
				3B59E74122695ACF00B3B4FA /* Podfile */,
				3B59E7122268042C00B3B4FA /* HM微博 */,
				3B59E7112268042C00B3B4FA /* Products */,
				BD72BE83E6870C9EEFD37658 /* Pods */,
				AC49D7E43CBD5EFB9B03EBA2 /* Frameworks */,
			);
			sourceTree = "<group>";
		};
		3B59E7112268042C00B3B4FA /* Products */ = {
			isa = PBXGroup;
			children = (
				3B59E7102268042C00B3B4FA /* HM微博.app */,
			);
			name = Products;
			sourceTree = "<group>";
		};
		3B59E7122268042C00B3B4FA /* HM微博 */ = {
			isa = PBXGroup;
			children = (
				3B59E72522680CAD00B3B4FA /* Classes */,
				3B59E7132268042C00B3B4FA /* AppDelegate.swift */,
				3B59E71A2268043200B3B4FA /* Assets.xcassets */,
				3B59E71F2268043200B3B4FA /* Info.plist */,
			);
			path = "HM微博";
			sourceTree = "<group>";
		};
		3B59E72522680CAD00B3B4FA /* Classes */ = {
			isa = PBXGroup;
			children = (
				3B59E72622680CAD00B3B4FA /* Model(模型) */,
				3B59E72722680CAD00B3B4FA /* Tools(工具) */,
				3B59E72822680CAD00B3B4FA /* View */,
				3B59E72E22680CAD00B3B4FA /* ViewModel */,
			);
			path = Classes;
			sourceTree = "<group>";
		};
		3B59E72622680CAD00B3B4FA /* Model(模型) */ = {
			isa = PBXGroup;
			children = (
			);
			path = "Model(模型)";
			sourceTree = "<group>";
		};
		3B59E72722680CAD00B3B4FA /* Tools(工具) */ = {
			isa = PBXGroup;
			children = (
				3B59E74F2269D25100B3B4FA /* NetworkTools.swift */,
				3B59E7392268156700B3B4FA /* Extension */,
			);
			path = "Tools(工具)";
			sourceTree = "<group>";
		};
		3B59E72822680CAD00B3B4FA /* View */ = {
			isa = PBXGroup;
			children = (
				3B696A51226ADBF00002AEFF /* OAuth */,
				3B59E72922680CAD00B3B4FA /* Discover */,
				3B59E72A22680CAD00B3B4FA /* Home */,
				3B59E72B22680CAD00B3B4FA /* Main */,
				3B59E72C22680CAD00B3B4FA /* Message */,
				3B59E72D22680CAD00B3B4FA /* Profile */,
			);
			path = View;
			sourceTree = "<group>";
		};
		3B59E72922680CAD00B3B4FA /* Discover */ = {
			isa = PBXGroup;
			children = (
				3B59E73322680D9B00B3B4FA /* DiscoverTableViewController.swift */,
			);
			path = Discover;
			sourceTree = "<group>";
		};
		3B59E72A22680CAD00B3B4FA /* Home */ = {
			isa = PBXGroup;
			children = (
				3B59E73122680D8400B3B4FA /* HomeTableViewController.swift */,
			);
			path = Home;
			sourceTree = "<group>";
		};
		3B59E72B22680CAD00B3B4FA /* Main */ = {
			isa = PBXGroup;
			children = (
				3B59E73C2269553200B3B4FA /* Visitor */,
				3B59E72F22680D5B00B3B4FA /* MainViewController.swift */,
			);
			path = Main;
			sourceTree = "<group>";
		};
		3B59E72C22680CAD00B3B4FA /* Message */ = {
			isa = PBXGroup;
			children = (
				3B59E73522680DB700B3B4FA /* MessageTableViewController.swift */,
			);
			path = Message;
			sourceTree = "<group>";
		};
		3B59E72D22680CAD00B3B4FA /* Profile */ = {
			isa = PBXGroup;
			children = (
				3B59E73722680DC700B3B4FA /* ProfileTableViewController.swift */,
			);
			path = Profile;
			sourceTree = "<group>";
		};
		3B59E72E22680CAD00B3B4FA /* ViewModel */ = {
			isa = PBXGroup;
			children = (
			);
			path = ViewModel;
			sourceTree = "<group>";
		};
		3B59E7392268156700B3B4FA /* Extension */ = {
			isa = PBXGroup;
			children = (
				3B59E73A226815A100B3B4FA /* UIButton+Extension.swift */,
			);
			path = Extension;
			sourceTree = "<group>";
		};
		3B59E73C2269553200B3B4FA /* Visitor */ = {
			isa = PBXGroup;
			children = (
				3B59E73D2269556500B3B4FA /* VisitorTableViewController.swift */,
				3B59E73F226957ED00B3B4FA /* VisitorView.swift */,
			);
			path = Visitor;
			sourceTree = "<group>";
		};
		3B696A51226ADBF00002AEFF /* OAuth */ = {
			isa = PBXGroup;
			children = (
				3B696A52226ADC240002AEFF /* OAuthViewController.swift */,
			);
			path = OAuth;
			sourceTree = "<group>";
		};
		AC49D7E43CBD5EFB9B03EBA2 /* Frameworks */ = {
			isa = PBXGroup;
			children = (
				3B59E74D2269D0EF00B3B4FA /* Pods_HM微博.framework */,
				3B59E74B2269CAFC00B3B4FA /* AFNetworking.framework */,
				3B59E7492269CAB200B3B4FA /* Pods_HM微博.framework */,
				3B59E7452269943300B3B4FA /* SnapKit.framework */,
				3B59E74322695C4600B3B4FA /* Pods_HM微博.framework */,
				68D0437CB438AB132CB4F650 /* Pods_HM__.framework */,
			);
			name = Frameworks;
			sourceTree = "<group>";
		};
		BD72BE83E6870C9EEFD37658 /* Pods */ = {
			isa = PBXGroup;
			children = (
				524B516D3D8B8012297499BF /* Pods-HM微博.debug.xcconfig */,
				62B69482DBAB0BD45CFCEFAE /* Pods-HM微博.release.xcconfig */,
			);
			path = Pods;
			sourceTree = "<group>";
		};
/* End PBXGroup section */

/* Begin PBXNativeTarget section */
		3B59E70F2268042C00B3B4FA /* HM微博 */ = {
			isa = PBXNativeTarget;
			buildConfigurationList = 3B59E7222268043200B3B4FA /* Build configuration list for PBXNativeTarget "HM微博" */;
			buildPhases = (
				36066D71E7274DCBF17461FB /* [CP] Check Pods Manifest.lock */,
				3B59E70C2268042C00B3B4FA /* Sources */,
				3B59E70D2268042C00B3B4FA /* Frameworks */,
				3B59E70E2268042C00B3B4FA /* Resources */,
				AB477B17DA605E51FF12E5EE /* [CP] Embed Pods Frameworks */,
			);
			buildRules = (
			);
			dependencies = (
			);
			name = "HM微博";
			productName = "HM微博";
			productReference = 3B59E7102268042C00B3B4FA /* HM微博.app */;
			productType = "com.apple.product-type.application";
		};
/* End PBXNativeTarget section */

/* Begin PBXProject section */
		3B59E7082268042C00B3B4FA /* Project object */ = {
			isa = PBXProject;
			attributes = {
				LastSwiftUpdateCheck = 1000;
				LastUpgradeCheck = 1000;
				ORGANIZATIONNAME = itheima;
				TargetAttributes = {
					3B59E70F2268042C00B3B4FA = {
						CreatedOnToolsVersion = 10.0;
					};
				};
			};
			buildConfigurationList = 3B59E70B2268042C00B3B4FA /* Build configuration list for PBXProject "HM微博" */;
			compatibilityVersion = "Xcode 9.3";
			developmentRegion = en;
			hasScannedForEncodings = 0;
			knownRegions = (
				en,
				Base,
			);
			mainGroup = 3B59E7072268042C00B3B4FA;
			productRefGroup = 3B59E7112268042C00B3B4FA /* Products */;
			projectDirPath = "";
			projectRoot = "";
			targets = (
				3B59E70F2268042C00B3B4FA /* HM微博 */,
			);
		};
/* End PBXProject section */

/* Begin PBXResourcesBuildPhase section */
		3B59E70E2268042C00B3B4FA /* Resources */ = {
			isa = PBXResourcesBuildPhase;
			buildActionMask = 2147483647;
			files = (
				3B59E74222695ACF00B3B4FA /* Podfile in Resources */,
				3B59E71B2268043200B3B4FA /* Assets.xcassets in Resources */,
			);
			runOnlyForDeploymentPostprocessing = 0;
		};
/* End PBXResourcesBuildPhase section */

/* Begin PBXShellScriptBuildPhase section */
		36066D71E7274DCBF17461FB /* [CP] Check Pods Manifest.lock */ = {
			isa = PBXShellScriptBuildPhase;
			buildActionMask = 2147483647;
			files = (
			);
			inputFileListPaths = (
			);
			inputPaths = (
				"${PODS_PODFILE_DIR_PATH}/Podfile.lock",
				"${PODS_ROOT}/Manifest.lock",
			);
			name = "[CP] Check Pods Manifest.lock";
			outputFileListPaths = (
			);
			outputPaths = (
				"$(DERIVED_FILE_DIR)/Pods-HM微博-checkManifestLockResult.txt",
			);
			runOnlyForDeploymentPostprocessing = 0;
			shellPath = /bin/sh;
			shellScript = "diff \"${PODS_PODFILE_DIR_PATH}/Podfile.lock\" \"${PODS_ROOT}/Manifest.lock\" > /dev/null\nif [ $? != 0 ] ; then\n    # print error to STDERR\n    echo \"error: The sandbox is not in sync with the Podfile.lock. Run 'pod install' or update your CocoaPods installation.\" >&2\n    exit 1\nfi\n# This output is used by Xcode 'outputs' to avoid re-running this script phase.\necho \"SUCCESS\" > \"${SCRIPT_OUTPUT_FILE_0}\"\n";
			showEnvVarsInLog = 0;
		};
		AB477B17DA605E51FF12E5EE /* [CP] Embed Pods Frameworks */ = {
			isa = PBXShellScriptBuildPhase;
			buildActionMask = 2147483647;
			files = (
			);
			inputFileListPaths = (
			);
			inputPaths = (
				"${PODS_ROOT}/Target Support Files/Pods-HM微博/Pods-HM微博-frameworks.sh",
				"${BUILT_PRODUCTS_DIR}/AFNetworking/AFNetworking.framework",
				"${BUILT_PRODUCTS_DIR}/SDWebImage/SDWebImage.framework",
				"${BUILT_PRODUCTS_DIR}/SVProgressHUD/SVProgressHUD.framework",
				"${BUILT_PRODUCTS_DIR}/SnapKit/SnapKit.framework",
			);
			name = "[CP] Embed Pods Frameworks";
			outputFileListPaths = (
			);
			outputPaths = (
				"${TARGET_BUILD_DIR}/${FRAMEWORKS_FOLDER_PATH}/AFNetworking.framework",
				"${TARGET_BUILD_DIR}/${FRAMEWORKS_FOLDER_PATH}/SDWebImage.framework",
				"${TARGET_BUILD_DIR}/${FRAMEWORKS_FOLDER_PATH}/SVProgressHUD.framework",
				"${TARGET_BUILD_DIR}/${FRAMEWORKS_FOLDER_PATH}/SnapKit.framework",
			);
			runOnlyForDeploymentPostprocessing = 0;
			shellPath = /bin/sh;
			shellScript = "\"${PODS_ROOT}/Target Support Files/Pods-HM微博/Pods-HM微博-frameworks.sh\"\n";
			showEnvVarsInLog = 0;
		};
/* End PBXShellScriptBuildPhase section */

/* Begin PBXSourcesBuildPhase section */
		3B59E70C2268042C00B3B4FA /* Sources */ = {
			isa = PBXSourcesBuildPhase;
			buildActionMask = 2147483647;
			files = (
				3B59E73822680DC700B3B4FA /* ProfileTableViewController.swift in Sources */,
				3B59E73222680D8400B3B4FA /* HomeTableViewController.swift in Sources */,
				3B59E7502269D25100B3B4FA /* NetworkTools.swift in Sources */,
				3B59E7142268042C00B3B4FA /* AppDelegate.swift in Sources */,
				3B59E73622680DB700B3B4FA /* MessageTableViewController.swift in Sources */,
				3B59E73E2269556500B3B4FA /* VisitorTableViewController.swift in Sources */,
				3B59E73422680D9B00B3B4FA /* DiscoverTableViewController.swift in Sources */,
				3B59E740226957ED00B3B4FA /* VisitorView.swift in Sources */,
				3B59E73022680D5B00B3B4FA /* MainViewController.swift in Sources */,
				3B696A53226ADC240002AEFF /* OAuthViewController.swift in Sources */,
				3B59E73B226815A100B3B4FA /* UIButton+Extension.swift in Sources */,
			);
			runOnlyForDeploymentPostprocessing = 0;
		};
/* End PBXSourcesBuildPhase section */

/* Begin XCBuildConfiguration section */
		3B59E7202268043200B3B4FA /* Debug */ = {
			isa = XCBuildConfiguration;
			buildSettings = {
				ALWAYS_SEARCH_USER_PATHS = NO;
				CLANG_ANALYZER_NONNULL = YES;
				CLANG_ANALYZER_NUMBER_OBJECT_CONVERSION = YES_AGGRESSIVE;
				CLANG_CXX_LANGUAGE_STANDARD = "gnu++14";
				CLANG_CXX_LIBRARY = "libc++";
				CLANG_ENABLE_MODULES = YES;
				CLANG_ENABLE_OBJC_ARC = YES;
				CLANG_ENABLE_OBJC_WEAK = YES;
				CLANG_WARN_BLOCK_CAPTURE_AUTORELEASING = YES;
				CLANG_WARN_BOOL_CONVERSION = YES;
				CLANG_WARN_COMMA = YES;
				CLANG_WARN_CONSTANT_CONVERSION = YES;
				CLANG_WARN_DEPRECATED_OBJC_IMPLEMENTATIONS = YES;
				CLANG_WARN_DIRECT_OBJC_ISA_USAGE = YES_ERROR;
				CLANG_WARN_DOCUMENTATION_COMMENTS = YES;
				CLANG_WARN_EMPTY_BODY = YES;
				CLANG_WARN_ENUM_CONVERSION = YES;
				CLANG_WARN_INFINITE_RECURSION = YES;
				CLANG_WARN_INT_CONVERSION = YES;
				CLANG_WARN_NON_LITERAL_NULL_CONVERSION = YES;
				CLANG_WARN_OBJC_IMPLICIT_RETAIN_SELF = YES;
				CLANG_WARN_OBJC_LITERAL_CONVERSION = YES;
				CLANG_WARN_OBJC_ROOT_CLASS = YES_ERROR;
				CLANG_WARN_RANGE_LOOP_ANALYSIS = YES;
				CLANG_WARN_STRICT_PROTOTYPES = YES;
				CLANG_WARN_SUSPICIOUS_MOVE = YES;
				CLANG_WARN_UNGUARDED_AVAILABILITY = YES_AGGRESSIVE;
				CLANG_WARN_UNREACHABLE_CODE = YES;
				CLANG_WARN__DUPLICATE_METHOD_MATCH = YES;
				CODE_SIGN_IDENTITY = "iPhone Developer";
				COPY_PHASE_STRIP = NO;
				DEBUG_INFORMATION_FORMAT = dwarf;
				ENABLE_STRICT_OBJC_MSGSEND = YES;
				ENABLE_TESTABILITY = YES;
				GCC_C_LANGUAGE_STANDARD = gnu11;
				GCC_DYNAMIC_NO_PIC = NO;
				GCC_NO_COMMON_BLOCKS = YES;
				GCC_OPTIMIZATION_LEVEL = 0;
				GCC_PREPROCESSOR_DEFINITIONS = (
					"DEBUG=1",
					"$(inherited)",
				);
				GCC_WARN_64_TO_32_BIT_CONVERSION = YES;
				GCC_WARN_ABOUT_RETURN_TYPE = YES_ERROR;
				GCC_WARN_UNDECLARED_SELECTOR = YES;
				GCC_WARN_UNINITIALIZED_AUTOS = YES_AGGRESSIVE;
				GCC_WARN_UNUSED_FUNCTION = YES;
				GCC_WARN_UNUSED_VARIABLE = YES;
				IPHONEOS_DEPLOYMENT_TARGET = 12.0;
				MTL_ENABLE_DEBUG_INFO = INCLUDE_SOURCE;
				MTL_FAST_MATH = YES;
				ONLY_ACTIVE_ARCH = YES;
				SDKROOT = iphoneos;
				SWIFT_ACTIVE_COMPILATION_CONDITIONS = DEBUG;
				SWIFT_OPTIMIZATION_LEVEL = "-Onone";
			};
			name = Debug;
		};
		3B59E7212268043200B3B4FA /* Release */ = {
			isa = XCBuildConfiguration;
			buildSettings = {
				ALWAYS_SEARCH_USER_PATHS = NO;
				CLANG_ANALYZER_NONNULL = YES;
				CLANG_ANALYZER_NUMBER_OBJECT_CONVERSION = YES_AGGRESSIVE;
				CLANG_CXX_LANGUAGE_STANDARD = "gnu++14";
				CLANG_CXX_LIBRARY = "libc++";
				CLANG_ENABLE_MODULES = YES;
				CLANG_ENABLE_OBJC_ARC = YES;
				CLANG_ENABLE_OBJC_WEAK = YES;
				CLANG_WARN_BLOCK_CAPTURE_AUTORELEASING = YES;
				CLANG_WARN_BOOL_CONVERSION = YES;
				CLANG_WARN_COMMA = YES;
				CLANG_WARN_CONSTANT_CONVERSION = YES;
				CLANG_WARN_DEPRECATED_OBJC_IMPLEMENTATIONS = YES;
				CLANG_WARN_DIRECT_OBJC_ISA_USAGE = YES_ERROR;
				CLANG_WARN_DOCUMENTATION_COMMENTS = YES;
				CLANG_WARN_EMPTY_BODY = YES;
				CLANG_WARN_ENUM_CONVERSION = YES;
				CLANG_WARN_INFINITE_RECURSION = YES;
				CLANG_WARN_INT_CONVERSION = YES;
				CLANG_WARN_NON_LITERAL_NULL_CONVERSION = YES;
				CLANG_WARN_OBJC_IMPLICIT_RETAIN_SELF = YES;
				CLANG_WARN_OBJC_LITERAL_CONVERSION = YES;
				CLANG_WARN_OBJC_ROOT_CLASS = YES_ERROR;
				CLANG_WARN_RANGE_LOOP_ANALYSIS = YES;
				CLANG_WARN_STRICT_PROTOTYPES = YES;
				CLANG_WARN_SUSPICIOUS_MOVE = YES;
				CLANG_WARN_UNGUARDED_AVAILABILITY = YES_AGGRESSIVE;
				CLANG_WARN_UNREACHABLE_CODE = YES;
				CLANG_WARN__DUPLICATE_METHOD_MATCH = YES;
				CODE_SIGN_IDENTITY = "iPhone Developer";
				COPY_PHASE_STRIP = NO;
				DEBUG_INFORMATION_FORMAT = "dwarf-with-dsym";
				ENABLE_NS_ASSERTIONS = NO;
				ENABLE_STRICT_OBJC_MSGSEND = YES;
				GCC_C_LANGUAGE_STANDARD = gnu11;
				GCC_NO_COMMON_BLOCKS = YES;
				GCC_WARN_64_TO_32_BIT_CONVERSION = YES;
				GCC_WARN_ABOUT_RETURN_TYPE = YES_ERROR;
				GCC_WARN_UNDECLARED_SELECTOR = YES;
				GCC_WARN_UNINITIALIZED_AUTOS = YES_AGGRESSIVE;
				GCC_WARN_UNUSED_FUNCTION = YES;
				GCC_WARN_UNUSED_VARIABLE = YES;
				IPHONEOS_DEPLOYMENT_TARGET = 12.0;
				MTL_ENABLE_DEBUG_INFO = NO;
				MTL_FAST_MATH = YES;
				SDKROOT = iphoneos;
				SWIFT_COMPILATION_MODE = wholemodule;
				SWIFT_OPTIMIZATION_LEVEL = "-O";
				VALIDATE_PRODUCT = YES;
			};
			name = Release;
		};
		3B59E7232268043200B3B4FA /* Debug */ = {
			isa = XCBuildConfiguration;
			baseConfigurationReference = 524B516D3D8B8012297499BF /* Pods-HM微博.debug.xcconfig */;
			buildSettings = {
				ASSETCATALOG_COMPILER_APPICON_NAME = AppIcon;
				ASSETCATALOG_COMPILER_LAUNCHIMAGE_NAME = LaunchImage;
				CODE_SIGN_STYLE = Automatic;
				DEVELOPMENT_TEAM = 4FKKXY972T;
				INFOPLIST_FILE = "HM微博/Info.plist";
				LD_RUNPATH_SEARCH_PATHS = (
					"$(inherited)",
					"@executable_path/Frameworks",
				);
				PRODUCT_BUNDLE_IDENTIFIER = "com.itheima.HM--";
				PRODUCT_NAME = "$(TARGET_NAME)";
				SWIFT_VERSION = 4.2;
				TARGETED_DEVICE_FAMILY = "1,2";
			};
			name = Debug;
		};
		3B59E7242268043200B3B4FA /* Release */ = {
			isa = XCBuildConfiguration;
			baseConfigurationReference = 62B69482DBAB0BD45CFCEFAE /* Pods-HM微博.release.xcconfig */;
			buildSettings = {
				ASSETCATALOG_COMPILER_APPICON_NAME = AppIcon;
				ASSETCATALOG_COMPILER_LAUNCHIMAGE_NAME = LaunchImage;
				CODE_SIGN_STYLE = Automatic;
				DEVELOPMENT_TEAM = 4FKKXY972T;
				INFOPLIST_FILE = "HM微博/Info.plist";
				LD_RUNPATH_SEARCH_PATHS = (
					"$(inherited)",
					"@executable_path/Frameworks",
				);
				PRODUCT_BUNDLE_IDENTIFIER = "com.itheima.HM--";
				PRODUCT_NAME = "$(TARGET_NAME)";
				SWIFT_VERSION = 4.2;
				TARGETED_DEVICE_FAMILY = "1,2";
			};
			name = Release;
		};
/* End XCBuildConfiguration section */

/* Begin XCConfigurationList section */
		3B59E70B2268042C00B3B4FA /* Build configuration list for PBXProject "HM微博" */ = {
			isa = XCConfigurationList;
			buildConfigurations = (
				3B59E7202268043200B3B4FA /* Debug */,
				3B59E7212268043200B3B4FA /* Release */,
			);
			defaultConfigurationIsVisible = 0;
			defaultConfigurationName = Release;
		};
		3B59E7222268043200B3B4FA /* Build configuration list for PBXNativeTarget "HM微博" */ = {
			isa = XCConfigurationList;
			buildConfigurations = (
				3B59E7232268043200B3B4FA /* Debug */,
				3B59E7242268043200B3B4FA /* Release */,
			);
			defaultConfigurationIsVisible = 0;
			defaultConfigurationName = Release;
		};
/* End XCConfigurationList section */
	};
	rootObject = 3B59E7082268042C00B3B4FA /* Project object */;
}
